PODS:
  - MASPreferences (1.3)
  - SwiftLint (0.25.0)

DEPENDENCIES:
  - MASPreferences
  - SwiftLint

SPEC CHECKSUMS:
  MASPreferences: c08b8622dd17b47da87669e741efd7c92e970e8c
  SwiftLint: e14651157288e9e01d6e1a71db7014fb5744a8ea

PODFILE CHECKSUM: cb62383f509718584e823d2b85866ba9d32e3b55

COCOAPODS: 1.3.1
