// !$*UTF8*$!
{
	archiveVersion = 1;
	classes = {
	};
	objectVersion = 46;
	objects = {

/* Begin PBXBuildFile section */
		A81312151D0316F000C40C4A /* SWMainTableCellView.swift in Sources */ = {isa = PBXBuildFile; fileRef = A81312141D0316F000C40C4A /* SWMainTableCellView.swift */; };
		A81312171D03223200C40C4A /* SWMainTableView.swift in Sources */ = {isa = PBXBuildFile; fileRef = A81312161D03223200C40C4A /* SWMainTableView.swift */; };
		A865212C1D09698B00C26D0F /* SWNewAccountWindowController.swift in Sources */ = {isa = PBXBuildFile; fileRef = A865212A1D09698B00C26D0F /* SWNewAccountWindowController.swift */; };
		A865212D1D09698B00C26D0F /* SWNewAccountWindowController.xib in Resources */ = {isa = PBXBuildFile; fileRef = A865212B1D09698B00C26D0F /* SWNewAccountWindowController.xib */; };
		A8C795051CF9317300FA3A7F /* AppDelegate.swift in Sources */ = {isa = PBXBuildFile; fileRef = A8C795041CF9317300FA3A7F /* AppDelegate.swift */; };
		A8C795071CF9317300FA3A7F /* SWMainViewController.swift in Sources */ = {isa = PBXBuildFile; fileRef = A8C795061CF9317300FA3A7F /* SWMainViewController.swift */; };
		A8C795091CF9317300FA3A7F /* Assets.xcassets in Resources */ = {isa = PBXBuildFile; fileRef = A8C795081CF9317300FA3A7F /* Assets.xcassets */; };
		A8C7950C1CF9317300FA3A7F /* Main.storyboard in Resources */ = {isa = PBXBuildFile; fileRef = A8C7950A1CF9317300FA3A7F /* Main.storyboard */; };
		A8EC4CDC1D2BA9350062C34D /* MASPreferencesWindowController.m in Sources */ = {isa = PBXBuildFile; fileRef = A8EC4CDB1D2BA9350062C34D /* MASPreferencesWindowController.m */; };
		A8EC4CDE1D2BA9440062C34D /* MASPreferencesWindow.xib in Resources */ = {isa = PBXBuildFile; fileRef = A8EC4CDD1D2BA9440062C34D /* MASPreferencesWindow.xib */; };
		A8EC4CE31D2BAAE30062C34D /* SWMainPreferenceController.swift in Sources */ = {isa = PBXBuildFile; fileRef = A8EC4CE11D2BAAE30062C34D /* SWMainPreferenceController.swift */; };
		A8EC4CE41D2BAAE30062C34D /* SWMainPreferenceController.xib in Resources */ = {isa = PBXBuildFile; fileRef = A8EC4CE21D2BAAE30062C34D /* SWMainPreferenceController.xib */; };
		A8EC4CE61D2BB29A0062C34D /* SWPreferences.swift in Sources */ = {isa = PBXBuildFile; fileRef = A8EC4CE51D2BB29A0062C34D /* SWPreferences.swift */; };
		A8F7C9451D099322009422D2 /* SWAccountManager.swift in Sources */ = {isa = PBXBuildFile; fileRef = A8F7C9441D099322009422D2 /* SWAccountManager.swift */; };
		A8F7C9471D09A072009422D2 /* SWAppLoginManager.swift in Sources */ = {isa = PBXBuildFile; fileRef = A8F7C9461D09A072009422D2 /* SWAppLoginManager.swift */; };
		A8F7C94A1D09A5E2009422D2 /* SWEnterPasswordWindowController.swift in Sources */ = {isa = PBXBuildFile; fileRef = A8F7C9481D09A5E2009422D2 /* SWEnterPasswordWindowController.swift */; };
		A8F7C94B1D09A5E2009422D2 /* SWEnterPasswordWindowController.xib in Resources */ = {isa = PBXBuildFile; fileRef = A8F7C9491D09A5E2009422D2 /* SWEnterPasswordWindowController.xib */; };
/* End PBXBuildFile section */

/* Begin PBXFileReference section */
		A81312141D0316F000C40C4A /* SWMainTableCellView.swift */ = {isa = PBXFileReference; fileEncoding = 4; lastKnownFileType = sourcecode.swift; path = SWMainTableCellView.swift; sourceTree = "<group>"; };
		A81312161D03223200C40C4A /* SWMainTableView.swift */ = {isa = PBXFileReference; fileEncoding = 4; lastKnownFileType = sourcecode.swift; path = SWMainTableView.swift; sourceTree = "<group>"; };
		A865212A1D09698B00C26D0F /* SWNewAccountWindowController.swift */ = {isa = PBXFileReference; fileEncoding = 4; lastKnownFileType = sourcecode.swift; path = SWNewAccountWindowController.swift; sourceTree = "<group>"; };
		A865212B1D09698B00C26D0F /* SWNewAccountWindowController.xib */ = {isa = PBXFileReference; fileEncoding = 4; lastKnownFileType = file.xib; path = SWNewAccountWindowController.xib; sourceTree = "<group>"; };
		A8C795011CF9317300FA3A7F /* Switcher.app */ = {isa = PBXFileReference; explicitFileType = wrapper.application; includeInIndex = 0; path = Switcher.app; sourceTree = BUILT_PRODUCTS_DIR; };
		A8C795041CF9317300FA3A7F /* AppDelegate.swift */ = {isa = PBXFileReference; lastKnownFileType = sourcecode.swift; path = AppDelegate.swift; sourceTree = "<group>"; };
		A8C795061CF9317300FA3A7F /* SWMainViewController.swift */ = {isa = PBXFileReference; lastKnownFileType = sourcecode.swift; path = SWMainViewController.swift; sourceTree = "<group>"; };
		A8C795081CF9317300FA3A7F /* Assets.xcassets */ = {isa = PBXFileReference; lastKnownFileType = folder.assetcatalog; path = Assets.xcassets; sourceTree = "<group>"; };
		A8C7950B1CF9317300FA3A7F /* Base */ = {isa = PBXFileReference; lastKnownFileType = file.storyboard; name = Base; path = Base.lproj/Main.storyboard; sourceTree = "<group>"; };
		A8C7950D1CF9317300FA3A7F /* Info.plist */ = {isa = PBXFileReference; lastKnownFileType = text.plist.xml; path = Info.plist; sourceTree = "<group>"; };
		A8EC4CD71D2BA9340062C34D /* Switcher-Bridging-Header.h */ = {isa = PBXFileReference; lastKnownFileType = sourcecode.c.h; path = "Switcher-Bridging-Header.h"; sourceTree = "<group>"; };
		A8EC4CD81D2BA9350062C34D /* MASPreferences.h */ = {isa = PBXFileReference; fileEncoding = 4; lastKnownFileType = sourcecode.c.h; path = MASPreferences.h; sourceTree = "<group>"; };
		A8EC4CD91D2BA9350062C34D /* MASPreferencesViewController.h */ = {isa = PBXFileReference; fileEncoding = 4; lastKnownFileType = sourcecode.c.h; path = MASPreferencesViewController.h; sourceTree = "<group>"; };
		A8EC4CDA1D2BA9350062C34D /* MASPreferencesWindowController.h */ = {isa = PBXFileReference; fileEncoding = 4; lastKnownFileType = sourcecode.c.h; path = MASPreferencesWindowController.h; sourceTree = "<group>"; };
		A8EC4CDB1D2BA9350062C34D /* MASPreferencesWindowController.m */ = {isa = PBXFileReference; fileEncoding = 4; lastKnownFileType = sourcecode.c.objc; path = MASPreferencesWindowController.m; sourceTree = "<group>"; };
		A8EC4CDD1D2BA9440062C34D /* MASPreferencesWindow.xib */ = {isa = PBXFileReference; fileEncoding = 4; lastKnownFileType = file.xib; path = MASPreferencesWindow.xib; sourceTree = "<group>"; };
		A8EC4CE11D2BAAE30062C34D /* SWMainPreferenceController.swift */ = {isa = PBXFileReference; fileEncoding = 4; lastKnownFileType = sourcecode.swift; path = SWMainPreferenceController.swift; sourceTree = "<group>"; };
		A8EC4CE21D2BAAE30062C34D /* SWMainPreferenceController.xib */ = {isa = PBXFileReference; fileEncoding = 4; lastKnownFileType = file.xib; path = SWMainPreferenceController.xib; sourceTree = "<group>"; };
		A8EC4CE51D2BB29A0062C34D /* SWPreferences.swift */ = {isa = PBXFileReference; fileEncoding = 4; lastKnownFileType = sourcecode.swift; path = SWPreferences.swift; sourceTree = "<group>"; };
		A8F7C9441D099322009422D2 /* SWAccountManager.swift */ = {isa = PBXFileReference; fileEncoding = 4; lastKnownFileType = sourcecode.swift; path = SWAccountManager.swift; sourceTree = "<group>"; };
		A8F7C9461D09A072009422D2 /* SWAppLoginManager.swift */ = {isa = PBXFileReference; fileEncoding = 4; lastKnownFileType = sourcecode.swift; path = SWAppLoginManager.swift; sourceTree = "<group>"; };
		A8F7C9481D09A5E2009422D2 /* SWEnterPasswordWindowController.swift */ = {isa = PBXFileReference; fileEncoding = 4; lastKnownFileType = sourcecode.swift; path = SWEnterPasswordWindowController.swift; sourceTree = "<group>"; };
		A8F7C9491D09A5E2009422D2 /* SWEnterPasswordWindowController.xib */ = {isa = PBXFileReference; fileEncoding = 4; lastKnownFileType = file.xib; path = SWEnterPasswordWindowController.xib; sourceTree = "<group>"; };
/* End PBXFileReference section */

/* Begin PBXFrameworksBuildPhase section */
		A8C794FE1CF9317300FA3A7F /* Frameworks */ = {
			isa = PBXFrameworksBuildPhase;
			buildActionMask = 2147483647;
			files = (
			);
			runOnlyForDeploymentPostprocessing = 0;
		};
/* End PBXFrameworksBuildPhase section */

/* Begin PBXGroup section */
		A81312181D03235700C40C4A /* Supporting files */ = {
			isa = PBXGroup;
			children = (
				A8EC4CD71D2BA9340062C34D /* Switcher-Bridging-Header.h */,
				A8C795041CF9317300FA3A7F /* AppDelegate.swift */,
				A8C795081CF9317300FA3A7F /* Assets.xcassets */,
				A8C7950D1CF9317300FA3A7F /* Info.plist */,
			);
			name = "Supporting files";
			sourceTree = "<group>";
		};
		A8C794F81CF9317300FA3A7F = {
			isa = PBXGroup;
			children = (
				A8C795031CF9317300FA3A7F /* Switcher */,
				A8C795021CF9317300FA3A7F /* Products */,
			);
			sourceTree = "<group>";
		};
		A8C795021CF9317300FA3A7F /* Products */ = {
			isa = PBXGroup;
			children = (
				A8C795011CF9317300FA3A7F /* Switcher.app */,
			);
			name = Products;
			sourceTree = "<group>";
		};
		A8C795031CF9317300FA3A7F /* Switcher */ = {
			isa = PBXGroup;
			children = (
				A8EC4CE01D2BAAB90062C34D /* Preference */,
				A8EC4CD61D2BA8B10062C34D /* ThirdParty */,
				A8C795061CF9317300FA3A7F /* SWMainViewController.swift */,
				A81312141D0316F000C40C4A /* SWMainTableCellView.swift */,
				A81312161D03223200C40C4A /* SWMainTableView.swift */,
				A8C7950A1CF9317300FA3A7F /* Main.storyboard */,
				A865212A1D09698B00C26D0F /* SWNewAccountWindowController.swift */,
				A865212B1D09698B00C26D0F /* SWNewAccountWindowController.xib */,
				A8F7C9481D09A5E2009422D2 /* SWEnterPasswordWindowController.swift */,
				A8F7C9491D09A5E2009422D2 /* SWEnterPasswordWindowController.xib */,
				A8F7C9441D099322009422D2 /* SWAccountManager.swift */,
				A8F7C9461D09A072009422D2 /* SWAppLoginManager.swift */,
				A81312181D03235700C40C4A /* Supporting files */,
			);
			path = Switcher;
			sourceTree = "<group>";
		};
		A8EC4CD61D2BA8B10062C34D /* ThirdParty */ = {
			isa = PBXGroup;
			children = (
				A8EC4CDF1D2BA9510062C34D /* MASPreferences */,
			);
			name = ThirdParty;
			sourceTree = "<group>";
		};
		A8EC4CDF1D2BA9510062C34D /* MASPreferences */ = {
			isa = PBXGroup;
			children = (
				A8EC4CD81D2BA9350062C34D /* MASPreferences.h */,
				A8EC4CD91D2BA9350062C34D /* MASPreferencesViewController.h */,
				A8EC4CDA1D2BA9350062C34D /* MASPreferencesWindowController.h */,
				A8EC4CDB1D2BA9350062C34D /* MASPreferencesWindowController.m */,
				A8EC4CDD1D2BA9440062C34D /* MASPreferencesWindow.xib */,
			);
			name = MASPreferences;
			sourceTree = "<group>";
		};
		A8EC4CE01D2BAAB90062C34D /* Preference */ = {
			isa = PBXGroup;
			children = (
				A8EC4CE51D2BB29A0062C34D /* SWPreferences.swift */,
				A8EC4CE11D2BAAE30062C34D /* SWMainPreferenceController.swift */,
				A8EC4CE21D2BAAE30062C34D /* SWMainPreferenceController.xib */,
			);
			name = Preference;
			sourceTree = "<group>";
		};
/* End PBXGroup section */

/* Begin PBXNativeTarget section */
		A8C795001CF9317300FA3A7F /* Switcher */ = {
			isa = PBXNativeTarget;
			buildConfigurationList = A8C795101CF9317300FA3A7F /* Build configuration list for PBXNativeTarget "Switcher" */;
			buildPhases = (
				A8C794FD1CF9317300FA3A7F /* Sources */,
				A8C794FE1CF9317300FA3A7F /* Frameworks */,
				A8C794FF1CF9317300FA3A7F /* Resources */,
			);
			buildRules = (
			);
			dependencies = (
			);
			name = Switcher;
			productName = Switcher;
			productReference = A8C795011CF9317300FA3A7F /* Switcher.app */;
			productType = "com.apple.product-type.application";
		};
/* End PBXNativeTarget section */

/* Begin PBXProject section */
		A8C794F91CF9317300FA3A7F /* Project object */ = {
			isa = PBXProject;
			attributes = {
				LastSwiftUpdateCheck = 0730;
				LastUpgradeCheck = 0730;
				ORGANIZATIONNAME = X140Yu;
				TargetAttributes = {
					A8C795001CF9317300FA3A7F = {
						CreatedOnToolsVersion = 7.3.1;
					};
				};
			};
			buildConfigurationList = A8C794FC1CF9317300FA3A7F /* Build configuration list for PBXProject "Switcher" */;
			compatibilityVersion = "Xcode 3.2";
			developmentRegion = English;
			hasScannedForEncodings = 0;
			knownRegions = (
				en,
				Base,
			);
			mainGroup = A8C794F81CF9317300FA3A7F;
			productRefGroup = A8C795021CF9317300FA3A7F /* Products */;
			projectDirPath = "";
			projectRoot = "";
			targets = (
				A8C795001CF9317300FA3A7F /* Switcher */,
			);
		};
/* End PBXProject section */

/* Begin PBXResourcesBuildPhase section */
		A8C794FF1CF9317300FA3A7F /* Resources */ = {
			isa = PBXResourcesBuildPhase;
			buildActionMask = 2147483647;
			files = (
				A865212D1D09698B00C26D0F /* SWNewAccountWindowController.xib in Resources */,
				A8C795091CF9317300FA3A7F /* Assets.xcassets in Resources */,
				A8EC4CDE1D2BA9440062C34D /* MASPreferencesWindow.xib in Resources */,
				A8C7950C1CF9317300FA3A7F /* Main.storyboard in Resources */,
				A8F7C94B1D09A5E2009422D2 /* SWEnterPasswordWindowController.xib in Resources */,
				A8EC4CE41D2BAAE30062C34D /* SWMainPreferenceController.xib in Resources */,
			);
			runOnlyForDeploymentPostprocessing = 0;
		};
/* End PBXResourcesBuildPhase section */

/* Begin PBXSourcesBuildPhase section */
		A8C794FD1CF9317300FA3A7F /* Sources */ = {
			isa = PBXSourcesBuildPhase;
			buildActionMask = 2147483647;
			files = (
				A8EC4CE61D2BB29A0062C34D /* SWPreferences.swift in Sources */,
				A8F7C9471D09A072009422D2 /* SWAppLoginManager.swift in Sources */,
				A81312151D0316F000C40C4A /* SWMainTableCellView.swift in Sources */,
				A8F7C9451D099322009422D2 /* SWAccountManager.swift in Sources */,
				A8C795071CF9317300FA3A7F /* SWMainViewController.swift in Sources */,
				A8EC4CDC1D2BA9350062C34D /* MASPreferencesWindowController.m in Sources */,
				A81312171D03223200C40C4A /* SWMainTableView.swift in Sources */,
				A8EC4CE31D2BAAE30062C34D /* SWMainPreferenceController.swift in Sources */,
				A865212C1D09698B00C26D0F /* SWNewAccountWindowController.swift in Sources */,
				A8C795051CF9317300FA3A7F /* AppDelegate.swift in Sources */,
				A8F7C94A1D09A5E2009422D2 /* SWEnterPasswordWindowController.swift in Sources */,
			);
			runOnlyForDeploymentPostprocessing = 0;
		};
/* End PBXSourcesBuildPhase section */

/* Begin PBXVariantGroup section */
		A8C7950A1CF9317300FA3A7F /* Main.storyboard */ = {
			isa = PBXVariantGroup;
			children = (
				A8C7950B1CF9317300FA3A7F /* Base */,
			);
			name = Main.storyboard;
			sourceTree = "<group>";
		};
/* End PBXVariantGroup section */

/* Begin XCBuildConfiguration section */
		A8C7950E1CF9317300FA3A7F /* Debug */ = {
			isa = XCBuildConfiguration;
			buildSettings = {
				ALWAYS_SEARCH_USER_PATHS = NO;
				CLANG_ANALYZER_NONNULL = YES;
				CLANG_CXX_LANGUAGE_STANDARD = "gnu++0x";
				CLANG_CXX_LIBRARY = "libc++";
				CLANG_ENABLE_MODULES = YES;
				CLANG_ENABLE_OBJC_ARC = YES;
				CLANG_WARN_BOOL_CONVERSION = YES;
				CLANG_WARN_CONSTANT_CONVERSION = YES;
				CLANG_WARN_DIRECT_OBJC_ISA_USAGE = YES_ERROR;
				CLANG_WARN_EMPTY_BODY = YES;
				CLANG_WARN_ENUM_CONVERSION = YES;
				CLANG_WARN_INT_CONVERSION = YES;
				CLANG_WARN_OBJC_ROOT_CLASS = YES_ERROR;
				CLANG_WARN_UNREACHABLE_CODE = YES;
				CLANG_WARN__DUPLICATE_METHOD_MATCH = YES;
				CODE_SIGN_IDENTITY = "-";
				COPY_PHASE_STRIP = NO;
				DEBUG_INFORMATION_FORMAT = dwarf;
				ENABLE_STRICT_OBJC_MSGSEND = YES;
				ENABLE_TESTABILITY = YES;
				GCC_C_LANGUAGE_STANDARD = gnu99;
				GCC_DYNAMIC_NO_PIC = NO;
				GCC_NO_COMMON_BLOCKS = YES;
				GCC_OPTIMIZATION_LEVEL = 0;
				GCC_PREPROCESSOR_DEFINITIONS = (
					"DEBUG=1",
					"$(inherited)",
				);
				GCC_WARN_64_TO_32_BIT_CONVERSION = YES;
				GCC_WARN_ABOUT_RETURN_TYPE = YES_ERROR;
				GCC_WARN_UNDECLARED_SELECTOR = YES;
				GCC_WARN_UNINITIALIZED_AUTOS = YES_AGGRESSIVE;
				GCC_WARN_UNUSED_FUNCTION = YES;
				GCC_WARN_UNUSED_VARIABLE = YES;
				MACOSX_DEPLOYMENT_TARGET = 10.11;
				MTL_ENABLE_DEBUG_INFO = YES;
				ONLY_ACTIVE_ARCH = YES;
				SDKROOT = macosx;
				SWIFT_OPTIMIZATION_LEVEL = "-Onone";
			};
			name = Debug;
		};
		A8C7950F1CF9317300FA3A7F /* Release */ = {
			isa = XCBuildConfiguration;
			buildSettings = {
				ALWAYS_SEARCH_USER_PATHS = NO;
				CLANG_ANALYZER_NONNULL = YES;
				CLANG_CXX_LANGUAGE_STANDARD = "gnu++0x";
				CLANG_CXX_LIBRARY = "libc++";
				CLANG_ENABLE_MODULES = YES;
				CLANG_ENABLE_OBJC_ARC = YES;
				CLANG_WARN_BOOL_CONVERSION = YES;
				CLANG_WARN_CONSTANT_CONVERSION = YES;
				CLANG_WARN_DIRECT_OBJC_ISA_USAGE = YES_ERROR;
				CLANG_WARN_EMPTY_BODY = YES;
				CLANG_WARN_ENUM_CONVERSION = YES;
				CLANG_WARN_INT_CONVERSION = YES;
				CLANG_WARN_OBJC_ROOT_CLASS = YES_ERROR;
				CLANG_WARN_UNREACHABLE_CODE = YES;
				CLANG_WARN__DUPLICATE_METHOD_MATCH = YES;
				CODE_SIGN_IDENTITY = "-";
				COPY_PHASE_STRIP = NO;
				DEBUG_INFORMATION_FORMAT = "dwarf-with-dsym";
				ENABLE_NS_ASSERTIONS = NO;
				ENABLE_STRICT_OBJC_MSGSEND = YES;
				GCC_C_LANGUAGE_STANDARD = gnu99;
				GCC_NO_COMMON_BLOCKS = YES;
				GCC_WARN_64_TO_32_BIT_CONVERSION = YES;
				GCC_WARN_ABOUT_RETURN_TYPE = YES_ERROR;
				GCC_WARN_UNDECLARED_SELECTOR = YES;
				GCC_WARN_UNINITIALIZED_AUTOS = YES_AGGRESSIVE;
				GCC_WARN_UNUSED_FUNCTION = YES;
				GCC_WARN_UNUSED_VARIABLE = YES;
				MACOSX_DEPLOYMENT_TARGET = 10.11;
				MTL_ENABLE_DEBUG_INFO = NO;
				SDKROOT = macosx;
			};
			name = Release;
		};
		A8C795111CF9317300FA3A7F /* Debug */ = {
			isa = XCBuildConfiguration;
			buildSettings = {
				ASSETCATALOG_COMPILER_APPICON_NAME = AppIcon;
				CLANG_ENABLE_MODULES = YES;
				COMBINE_HIDPI_IMAGES = YES;
				INFOPLIST_FILE = Switcher/Info.plist;
				LD_RUNPATH_SEARCH_PATHS = "$(inherited) @executable_path/../Frameworks";
				MACOSX_DEPLOYMENT_TARGET = 10.10;
				PRODUCT_BUNDLE_IDENTIFIER = com.X140Yu.Switcher;
				PRODUCT_NAME = "$(TARGET_NAME)";
				SWIFT_OBJC_BRIDGING_HEADER = "Switcher/Switcher-Bridging-Header.h";
				SWIFT_OPTIMIZATION_LEVEL = "-Onone";
			};
			name = Debug;
		};
		A8C795121CF9317300FA3A7F /* Release */ = {
			isa = XCBuildConfiguration;
			buildSettings = {
				ASSETCATALOG_COMPILER_APPICON_NAME = AppIcon;
				CLANG_ENABLE_MODULES = YES;
				COMBINE_HIDPI_IMAGES = YES;
				INFOPLIST_FILE = Switcher/Info.plist;
				LD_RUNPATH_SEARCH_PATHS = "$(inherited) @executable_path/../Frameworks";
				MACOSX_DEPLOYMENT_TARGET = 10.10;
				PRODUCT_BUNDLE_IDENTIFIER = com.X140Yu.Switcher;
				PRODUCT_NAME = "$(TARGET_NAME)";
				SWIFT_OBJC_BRIDGING_HEADER = "Switcher/Switcher-Bridging-Header.h";
			};
			name = Release;
		};
/* End XCBuildConfiguration section */

/* Begin XCConfigurationList section */
		A8C794FC1CF9317300FA3A7F /* Build configuration list for PBXProject "Switcher" */ = {
			isa = XCConfigurationList;
			buildConfigurations = (
				A8C7950E1CF9317300FA3A7F /* Debug */,
				A8C7950F1CF9317300FA3A7F /* Release */,
			);
			defaultConfigurationIsVisible = 0;
			defaultConfigurationName = Release;
		};
		A8C795101CF9317300FA3A7F /* Build configuration list for PBXNativeTarget "Switcher" */ = {
			isa = XCConfigurationList;
			buildConfigurations = (
				A8C795111CF9317300FA3A7F /* Debug */,
				A8C795121CF9317300FA3A7F /* Release */,
			);
			defaultConfigurationIsVisible = 0;
			defaultConfigurationName = Release;
		};
/* End XCConfigurationList section */
	};
	rootObject = A8C794F91CF9317300FA3A7F /* Project object */;
}
