// !$*UTF8*$!
{
	archiveVersion = 1;
	classes = {
	};
	objectVersion = 46;
	objects = {

/* Begin PBXBuildFile section */
		A8C795051CF9317300FA3A7F /* AppDelegate.swift in Sources */ = {isa = PBXBuildFile; fileRef = A8C795041CF9317300FA3A7F /* AppDelegate.swift */; };
		A8C795071CF9317300FA3A7F /* ViewController.swift in Sources */ = {isa = PBXBuildFile; fileRef = A8C795061CF9317300FA3A7F /* ViewController.swift */; };
		A8C795091CF9317300FA3A7F /* Assets.xcassets in Resources */ = {isa = PBXBuildFile; fileRef = A8C795081CF9317300FA3A7F /* Assets.xcassets */; };
		A8C7950C1CF9317300FA3A7F /* Main.storyboard in Resources */ = {isa = PBXBuildFile; fileRef = A8C7950A1CF9317300FA3A7F /* Main.storyboard */; };
/* End PBXBuildFile section */

/* Begin PBXFileReference section */
		A8C795011CF9317300FA3A7F /* Switcher.app */ = {isa = PBXFileReference; explicitFileType = wrapper.application; includeInIndex = 0; path = Switcher.app; sourceTree = BUILT_PRODUCTS_DIR; };
		A8C795041CF9317300FA3A7F /* AppDelegate.swift */ = {isa = PBXFileReference; lastKnownFileType = sourcecode.swift; path = AppDelegate.swift; sourceTree = "<group>"; };
		A8C795061CF9317300FA3A7F /* ViewController.swift */ = {isa = PBXFileReference; lastKnownFileType = sourcecode.swift; path = ViewController.swift; sourceTree = "<group>"; };
		A8C795081CF9317300FA3A7F /* Assets.xcassets */ = {isa = PBXFileReference; lastKnownFileType = folder.assetcatalog; path = Assets.xcassets; sourceTree = "<group>"; };
		A8C7950B1CF9317300FA3A7F /* Base */ = {isa = PBXFileReference; lastKnownFileType = file.storyboard; name = Base; path = Base.lproj/Main.storyboard; sourceTree = "<group>"; };
		A8C7950D1CF9317300FA3A7F /* Info.plist */ = {isa = PBXFileReference; lastKnownFileType = text.plist.xml; path = Info.plist; sourceTree = "<group>"; };
/* End PBXFileReference section */

/* Begin PBXFrameworksBuildPhase section */
		A8C794FE1CF9317300FA3A7F /* Frameworks */ = {
			isa = PBXFrameworksBuildPhase;
			buildActionMask = 2147483647;
			files = (
			);
			runOnlyForDeploymentPostprocessing = 0;
		};
/* End PBXFrameworksBuildPhase section */

/* Begin PBXGroup section */
		A8C794F81CF9317300FA3A7F = {
			isa = PBXGroup;
			children = (
				A8C795031CF9317300FA3A7F /* Switcher */,
				A8C795021CF9317300FA3A7F /* Products */,
			);
			sourceTree = "<group>";
		};
		A8C795021CF9317300FA3A7F /* Products */ = {
			isa = PBXGroup;
			children = (
				A8C795011CF9317300FA3A7F /* Switcher.app */,
			);
			name = Products;
			sourceTree = "<group>";
		};
		A8C795031CF9317300FA3A7F /* Switcher */ = {
			isa = PBXGroup;
			children = (
				A8C795041CF9317300FA3A7F /* AppDelegate.swift */,
				A8C795061CF9317300FA3A7F /* ViewController.swift */,
				A8C795081CF9317300FA3A7F /* Assets.xcassets */,
				A8C7950A1CF9317300FA3A7F /* Main.storyboard */,
				A8C7950D1CF9317300FA3A7F /* Info.plist */,
			);
			path = Switcher;
			sourceTree = "<group>";
		};
/* End PBXGroup section */

/* Begin PBXNativeTarget section */
		A8C795001CF9317300FA3A7F /* Switcher */ = {
			isa = PBXNativeTarget;
			buildConfigurationList = A8C795101CF9317300FA3A7F /* Build configuration list for PBXNativeTarget "Switcher" */;
			buildPhases = (
				A8C794FD1CF9317300FA3A7F /* Sources */,
				A8C794FE1CF9317300FA3A7F /* Frameworks */,
				A8C794FF1CF9317300FA3A7F /* Resources */,
			);
			buildRules = (
			);
			dependencies = (
			);
			name = Switcher;
			productName = Switcher;
			productReference = A8C795011CF9317300FA3A7F /* Switcher.app */;
			productType = "com.apple.product-type.application";
		};
/* End PBXNativeTarget section */

/* Begin PBXProject section */
		A8C794F91CF9317300FA3A7F /* Project object */ = {
			isa = PBXProject;
			attributes = {
				LastSwiftUpdateCheck = 0730;
				LastUpgradeCheck = 0730;
				ORGANIZATIONNAME = X140Yu;
				TargetAttributes = {
					A8C795001CF9317300FA3A7F = {
						CreatedOnToolsVersion = 7.3.1;
					};
				};
			};
			buildConfigurationList = A8C794FC1CF9317300FA3A7F /* Build configuration list for PBXProject "Switcher" */;
			compatibilityVersion = "Xcode 3.2";
			developmentRegion = English;
			hasScannedForEncodings = 0;
			knownRegions = (
				en,
				Base,
			);
			mainGroup = A8C794F81CF9317300FA3A7F;
			productRefGroup = A8C795021CF9317300FA3A7F /* Products */;
			projectDirPath = "";
			projectRoot = "";
			targets = (
				A8C795001CF9317300FA3A7F /* Switcher */,
			);
		};
/* End PBXProject section */

/* Begin PBXResourcesBuildPhase section */
		A8C794FF1CF9317300FA3A7F /* Resources */ = {
			isa = PBXResourcesBuildPhase;
			buildActionMask = 2147483647;
			files = (
				A8C795091CF9317300FA3A7F /* Assets.xcassets in Resources */,
				A8C7950C1CF9317300FA3A7F /* Main.storyboard in Resources */,
			);
			runOnlyForDeploymentPostprocessing = 0;
		};
/* End PBXResourcesBuildPhase section */

/* Begin PBXSourcesBuildPhase section */
		A8C794FD1CF9317300FA3A7F /* Sources */ = {
			isa = PBXSourcesBuildPhase;
			buildActionMask = 2147483647;
			files = (
				A8C795071CF9317300FA3A7F /* ViewController.swift in Sources */,
				A8C795051CF9317300FA3A7F /* AppDelegate.swift in Sources */,
			);
			runOnlyForDeploymentPostprocessing = 0;
		};
/* End PBXSourcesBuildPhase section */

/* Begin PBXVariantGroup section */
		A8C7950A1CF9317300FA3A7F /* Main.storyboard */ = {
			isa = PBXVariantGroup;
			children = (
				A8C7950B1CF9317300FA3A7F /* Base */,
			);
			name = Main.storyboard;
			sourceTree = "<group>";
		};
/* End PBXVariantGroup section */

/* Begin XCBuildConfiguration section */
		A8C7950E1CF9317300FA3A7F /* Debug */ = {
			isa = XCBuildConfiguration;
			buildSettings = {
				ALWAYS_SEARCH_USER_PATHS = NO;
				CLANG_ANALYZER_NONNULL = YES;
				CLANG_CXX_LANGUAGE_STANDARD = "gnu++0x";
				CLANG_CXX_LIBRARY = "libc++";
				CLANG_ENABLE_MODULES = YES;
				CLANG_ENABLE_OBJC_ARC = YES;
				CLANG_WARN_BOOL_CONVERSION = YES;
				CLANG_WARN_CONSTANT_CONVERSION = YES;
				CLANG_WARN_DIRECT_OBJC_ISA_USAGE = YES_ERROR;
				CLANG_WARN_EMPTY_BODY = YES;
				CLANG_WARN_ENUM_CONVERSION = YES;
				CLANG_WARN_INT_CONVERSION = YES;
				CLANG_WARN_OBJC_ROOT_CLASS = YES_ERROR;
				CLANG_WARN_UNREACHABLE_CODE = YES;
				CLANG_WARN__DUPLICATE_METHOD_MATCH = YES;
				CODE_SIGN_IDENTITY = "-";
				COPY_PHASE_STRIP = NO;
				DEBUG_INFORMATION_FORMAT = dwarf;
				ENABLE_STRICT_OBJC_MSGSEND = YES;
				ENABLE_TESTABILITY = YES;
				GCC_C_LANGUAGE_STANDARD = gnu99;
				GCC_DYNAMIC_NO_PIC = NO;
				GCC_NO_COMMON_BLOCKS = YES;
				GCC_OPTIMIZATION_LEVEL = 0;
				GCC_PREPROCESSOR_DEFINITIONS = (
					"DEBUG=1",
					"$(inherited)",
				);
				GCC_WARN_64_TO_32_BIT_CONVERSION = YES;
				GCC_WARN_ABOUT_RETURN_TYPE = YES_ERROR;
				GCC_WARN_UNDECLARED_SELECTOR = YES;
				GCC_WARN_UNINITIALIZED_AUTOS = YES_AGGRESSIVE;
				GCC_WARN_UNUSED_FUNCTION = YES;
				GCC_WARN_UNUSED_VARIABLE = YES;
				MACOSX_DEPLOYMENT_TARGET = 10.11;
				MTL_ENABLE_DEBUG_INFO = YES;
				ONLY_ACTIVE_ARCH = YES;
				SDKROOT = macosx;
				SWIFT_OPTIMIZATION_LEVEL = "-Onone";
			};
			name = Debug;
		};
		A8C7950F1CF9317300FA3A7F /* Release */ = {
			isa = XCBuildConfiguration;
			buildSettings = {
				ALWAYS_SEARCH_USER_PATHS = NO;
				CLANG_ANALYZER_NONNULL = YES;
				CLANG_CXX_LANGUAGE_STANDARD = "gnu++0x";
				CLANG_CXX_LIBRARY = "libc++";
				CLANG_ENABLE_MODULES = YES;
				CLANG_ENABLE_OBJC_ARC = YES;
				CLANG_WARN_BOOL_CONVERSION = YES;
				CLANG_WARN_CONSTANT_CONVERSION = YES;
				CLANG_WARN_DIRECT_OBJC_ISA_USAGE = YES_ERROR;
				CLANG_WARN_EMPTY_BODY = YES;
				CLANG_WARN_ENUM_CONVERSION = YES;
				CLANG_WARN_INT_CONVERSION = YES;
				CLANG_WARN_OBJC_ROOT_CLASS = YES_ERROR;
				CLANG_WARN_UNREACHABLE_CODE = YES;
				CLANG_WARN__DUPLICATE_METHOD_MATCH = YES;
				CODE_SIGN_IDENTITY = "-";
				COPY_PHASE_STRIP = NO;
				DEBUG_INFORMATION_FORMAT = "dwarf-with-dsym";
				ENABLE_NS_ASSERTIONS = NO;
				ENABLE_STRICT_OBJC_MSGSEND = YES;
				GCC_C_LANGUAGE_STANDARD = gnu99;
				GCC_NO_COMMON_BLOCKS = YES;
				GCC_WARN_64_TO_32_BIT_CONVERSION = YES;
				GCC_WARN_ABOUT_RETURN_TYPE = YES_ERROR;
				GCC_WARN_UNDECLARED_SELECTOR = YES;
				GCC_WARN_UNINITIALIZED_AUTOS = YES_AGGRESSIVE;
				GCC_WARN_UNUSED_FUNCTION = YES;
				GCC_WARN_UNUSED_VARIABLE = YES;
				MACOSX_DEPLOYMENT_TARGET = 10.11;
				MTL_ENABLE_DEBUG_INFO = NO;
				SDKROOT = macosx;
			};
			name = Release;
		};
		A8C795111CF9317300FA3A7F /* Debug */ = {
			isa = XCBuildConfiguration;
			buildSettings = {
				ASSETCATALOG_COMPILER_APPICON_NAME = AppIcon;
				COMBINE_HIDPI_IMAGES = YES;
				INFOPLIST_FILE = Switcher/Info.plist;
				LD_RUNPATH_SEARCH_PATHS = "$(inherited) @executable_path/../Frameworks";
				MACOSX_DEPLOYMENT_TARGET = 10.10;
				PRODUCT_BUNDLE_IDENTIFIER = com.X140Yu.Switcher;
				PRODUCT_NAME = "$(TARGET_NAME)";
			};
			name = Debug;
		};
		A8C795121CF9317300FA3A7F /* Release */ = {
			isa = XCBuildConfiguration;
			buildSettings = {
				ASSETCATALOG_COMPILER_APPICON_NAME = AppIcon;
				COMBINE_HIDPI_IMAGES = YES;
				INFOPLIST_FILE = Switcher/Info.plist;
				LD_RUNPATH_SEARCH_PATHS = "$(inherited) @executable_path/../Frameworks";
				MACOSX_DEPLOYMENT_TARGET = 10.10;
				PRODUCT_BUNDLE_IDENTIFIER = com.X140Yu.Switcher;
				PRODUCT_NAME = "$(TARGET_NAME)";
			};
			name = Release;
		};
/* End XCBuildConfiguration section */

/* Begin XCConfigurationList section */
		A8C794FC1CF9317300FA3A7F /* Build configuration list for PBXProject "Switcher" */ = {
			isa = XCConfigurationList;
			buildConfigurations = (
				A8C7950E1CF9317300FA3A7F /* Debug */,
				A8C7950F1CF9317300FA3A7F /* Release */,
			);
			defaultConfigurationIsVisible = 0;
			defaultConfigurationName = Release;
		};
		A8C795101CF9317300FA3A7F /* Build configuration list for PBXNativeTarget "Switcher" */ = {
			isa = XCConfigurationList;
			buildConfigurations = (
				A8C795111CF9317300FA3A7F /* Debug */,
				A8C795121CF9317300FA3A7F /* Release */,
			);
			defaultConfigurationIsVisible = 0;
			defaultConfigurationName = Release;
		};
/* End XCConfigurationList section */
	};
	rootObject = A8C794F91CF9317300FA3A7F /* Project object */;
}
